lockVersion: 2.0.0
id: f423f039-5d67-45fa-9878-90c604d76dc0
management:
  docChecksum: c3bfed866a043425f26b870423af6644
  docVersion: 0.3.1
  speakeasyVersion: internal
  generationVersion: internal
  releaseVersion: 0.0.1
  configChecksum: 5ba2aa3e6ac4aeb2e87cdead62843ffa
features:
  mcp-typescript:
    acceptHeaders: 0.1.0
    additionalDependencies: 0.1.0
    constsAndDefaults: 0.1.0
    core: 0.2.3
    customSecuritySchemes: 0.1.0
    defaultEnabledRetries: 0.1.0
    deprecations: 0.1.0
    enumUnions: 0.1.0
    globalSecurity: 0.1.0
    globalSecurityCallbacks: 0.0.0
    globalServerURLs: 0.1.0
    globals: 0.1.0
    hiddenGlobals: 0.1.0
    ignores: 0.1.0
    nullables: 0.1.0
    responseFormat: 0.1.0
    retries: 0.1.0
    sdkHooks: 0.1.0
    unions: 0.1.0
generatedFiles:
  - .gitattributes
  - .npmignore
  - eslint.config.mjs
  - package.json
  - src/core.ts
  - src/funcs/assetRelationsCreateAssetRelationsByAssetId.ts
  - src/funcs/assetRelationsCreateAssetRelationsByPublicId.ts
  - src/funcs/assetRelationsDeleteAssetRelationsByAssetId.ts
  - src/funcs/assetRelationsDeleteAssetRelationsByPublicId.ts
  - src/funcs/assetsDeleteBackupVersions.ts
  - src/funcs/assetsDeleteResourcesByPublicId.ts
  - src/funcs/assetsDerivedDestroy.ts
  - src/funcs/assetsDestroyByAssetId.ts
  - src/funcs/assetsDownloadAsset.ts
  - src/funcs/assetsDownloadBackupAsset.ts
  - src/funcs/assetsExplicitAsset.ts
  - src/funcs/assetsGenerateArchive.ts
  - src/funcs/assetsGetResourceByAssetId.ts
  - src/funcs/assetsGetResourceByPublicId.ts
  - src/funcs/assetsListImages.ts
  - src/funcs/assetsListRawFiles.ts
  - src/funcs/assetsListResourceTags.ts
  - src/funcs/assetsListResourceTypes.ts
  - src/funcs/assetsListResourcesByAssetFolder.ts
  - src/funcs/assetsListResourcesByAssetIDs.ts
  - src/funcs/assetsListResourcesByContext.ts
  - src/funcs/assetsListResourcesByModerationKindAndStatus.ts
  - src/funcs/assetsListVideos.ts
  - src/funcs/assetsRenameAsset.ts
  - src/funcs/assetsRestoreResourcesByAssetIDs.ts
  - src/funcs/assetsUpdateResourceByAssetId.ts
  - src/funcs/assetsUpdateResourceByPublicId.ts
  - src/funcs/backupsDeleteBackupVersions.ts
  - src/funcs/explodeExplodeResource.ts
  - src/funcs/foldersCreateFolder.ts
  - src/funcs/foldersDestroyFolder.ts
  - src/funcs/foldersListRootFolders.ts
  - src/funcs/foldersSearchFolders.ts
  - src/funcs/foldersSearchFoldersPost.ts
  - src/funcs/foldersShowFolder.ts
  - src/funcs/foldersUpdateFolder.ts
  - src/funcs/moderationsListResourcesByModerationKindAndStatus.ts
  - src/funcs/searchSearchAssets.ts
  - src/funcs/searchVisualSearchAssets.ts
  - src/funcs/tagsListResourceTags.ts
  - src/funcs/uploadDestroyAsset.ts
  - src/funcs/uploadText.ts
  - src/funcs/uploadUpload.ts
  - src/funcs/uploadUploadChunk.ts
  - src/funcs/uploadUploadNoResourceType.ts
  - src/funcs/usageGetUsage.ts
  - src/funcs/videoAnalyticsGetVideoViews.ts
  - src/hooks/hooks.ts
  - src/hooks/types.ts
  - src/lib/base64.ts
  - src/lib/config.ts
  - src/lib/dlv.ts
  - src/lib/encodings.ts
  - src/lib/files.ts
  - src/lib/http.ts
  - src/lib/is-plain-object.ts
  - src/lib/logger.ts
  - src/lib/matchers.ts
  - src/lib/primitives.ts
  - src/lib/result.ts
  - src/lib/retries.ts
  - src/lib/schemas.ts
  - src/lib/sdks.ts
  - src/lib/security.ts
  - src/lib/url.ts
  - src/mcp-server/build.mts
  - src/mcp-server/cli.ts
  - src/mcp-server/cli/start/command.ts
  - src/mcp-server/cli/start/impl.ts
  - src/mcp-server/console-logger.ts
  - src/mcp-server/extensions.ts
  - src/mcp-server/mcp-server.ts
  - src/mcp-server/prompts.ts
  - src/mcp-server/resources.ts
  - src/mcp-server/scopes.ts
  - src/mcp-server/server.ts
  - src/mcp-server/shared.ts
  - src/mcp-server/tools.ts
  - src/mcp-server/tools/assetRelationsCreateAssetRelationsByAssetId.ts
  - src/mcp-server/tools/assetRelationsDeleteAssetRelationsByAssetId.ts
  - src/mcp-server/tools/assetsDerivedDestroy.ts
  - src/mcp-server/tools/assetsDestroyByAssetId.ts
  - src/mcp-server/tools/assetsDownloadAsset.ts
  - src/mcp-server/tools/assetsDownloadBackupAsset.ts
  - src/mcp-server/tools/assetsGenerateArchive.ts
  - src/mcp-server/tools/assetsGetResourceByAssetId.ts
  - src/mcp-server/tools/assetsListImages.ts
  - src/mcp-server/tools/assetsListRawFiles.ts
  - src/mcp-server/tools/assetsListResourceTags.ts
  - src/mcp-server/tools/assetsListVideos.ts
  - src/mcp-server/tools/assetsRenameAsset.ts
  - src/mcp-server/tools/assetsUpdateResourceByAssetId.ts
  - src/mcp-server/tools/foldersCreateFolder.ts
  - src/mcp-server/tools/foldersDestroyFolder.ts
  - src/mcp-server/tools/foldersSearchFolders.ts
  - src/mcp-server/tools/foldersUpdateFolder.ts
  - src/mcp-server/tools/searchSearchAssets.ts
  - src/mcp-server/tools/searchVisualSearchAssets.ts
  - src/mcp-server/tools/uploadUpload.ts
  - src/mcp-server/tools/usageGetUsage.ts
  - src/models/apierror.ts
  - src/models/archiveresourcetype.ts
  - src/models/archivestoragetype.ts
  - src/models/assetrelationinfo.ts
  - src/models/assetrelationsdeleteresponse.ts
  - src/models/assetrelationsresponse.ts
  - src/models/asyncuploadresponse.ts
  - src/models/createassetrelationsbyassetidop.ts
  - src/models/createassetrelationsbypublicidop.ts
  - src/models/createfolderop.ts
  - src/models/deleteassetrelationsbyassetidop.ts
  - src/models/deleteassetrelationsbypublicidop.ts
  - src/models/deletebackupversionsop.ts
  - src/models/deleteresourcebypublicidsrequestunion.ts
  - src/models/deleteresourcesbypublicidop.ts
  - src/models/deriveddestroyop.ts
  - src/models/deriveddestroyrequest.ts
  - src/models/deriveddestroyresponse.ts
  - src/models/destroyassetop.ts
  - src/models/destroybyassetidop.ts
  - src/models/destroyfolderop.ts
  - src/models/destroyrequest.ts
  - src/models/destroyresponse.ts
  - src/models/direction.ts
  - src/models/downloadassetop.ts
  - src/models/downloadbackupassetop.ts
  - src/models/errors/apierror.ts
  - src/models/errors/httpclienterrors.ts
  - src/models/errors/sdkvalidationerror.ts
  - src/models/explicitassetop.ts
  - src/models/exploderesourceop.ts
  - src/models/extendedstoragetype.ts
  - src/models/fieldsspec.ts
  - src/models/folder.ts
  - src/models/folderslistresponse.ts
  - src/models/folderssearchresponse.ts
  - src/models/generatearchiveop.ts
  - src/models/getresourcebyassetidop.ts
  - src/models/getresourcebypublicidop.ts
  - src/models/getusageop.ts
  - src/models/getvideoviewsop.ts
  - src/models/info.ts
  - src/models/listimagesop.ts
  - src/models/listrawfilesop.ts
  - src/models/listresourcesbyassetfolderop.ts
  - src/models/listresourcesbyassetidsop.ts
  - src/models/listresourcesbycontextop.ts
  - src/models/listresourcesbymoderationkindandstatusop.ts
  - src/models/listresourcetagsop.ts
  - src/models/listresourcetypesop.ts
  - src/models/listresponse.ts
  - src/models/listrootfoldersop.ts
  - src/models/liststoragetype.ts
  - src/models/listvideosop.ts
  - src/models/nonfinalchunkuploadresponse.ts
  - src/models/renameassetop.ts
  - src/models/resourcetype.ts
  - src/models/resourceupdaterequest.ts
  - src/models/restoreresourcesbyassetidsop.ts
  - src/models/restoreresponseunion.ts
  - src/models/schemecloudinaryauth.ts
  - src/models/searchassetsop.ts
  - src/models/searchfoldersop.ts
  - src/models/searchfolderspostop.ts
  - src/models/searchparameters.ts
  - src/models/searchresponse.ts
  - src/models/security.ts
  - src/models/showfolderop.ts
  - src/models/storagetype.ts
  - src/models/textop.ts
  - src/models/updatefolderop.ts
  - src/models/updateresourcebyassetidop.ts
  - src/models/updateresourcebypublicidop.ts
  - src/models/uploadchunkop.ts
  - src/models/uploadnoresourcetypeop.ts
  - src/models/uploadop.ts
  - src/models/uploadrequest.ts
  - src/models/uploadresourcetype.ts
  - src/models/uploadresponse.ts
  - src/models/usageresponse.ts
  - src/models/visualsearchassetsop.ts
  - src/models/visualsearchparametersunion.ts
  - src/types/async.ts
  - src/types/blobs.ts
  - src/types/enums.ts
  - src/types/fp.ts
  - src/types/rfcdate.ts
  - src/types/streams.ts
  - tsconfig.json
examplesVersion: 1.0.2
